
Microsoft Visual Studio Solution File, Format Version 12.00
# Visual Studio Version 16
VisualStudioVersion = 16.0.30320.27
MinimumVisualStudioVersion = 10.0.40219.1
Project("{FAE04EC0-301F-11D3-BF4B-00C04F79EFBC}") = "DEM", "DEM\DEM.csproj", "{F4926EF3-BEF4-41E7-A79E-F6C78E8B407E}"
EndProject
Project("{FAE04EC0-301F-11D3-BF4B-00C04F79EFBC}") = "DEM.Engine", "DEM.Engine\DEM.Engine.csproj", "{7DADEC62-A9E0-4610-A948-6D45B16B120A}"
EndProject
Project("{FAE04EC0-301F-11D3-BF4B-00C04F79EFBC}") = "DEM.Tests.Engine", "DEM.Tests.Engine\DEM.Tests.Engine.csproj", "{1CED46E2-79D9-4202-B4B3-4A307B0084CB}"
EndProject
Global
	GlobalSection(SolutionConfigurationPlatforms) = preSolution
		Debug|Any CPU = Debug|Any CPU
		Release|Any CPU = Release|Any CPU
	EndGlobalSection
	GlobalSection(ProjectConfigurationPlatforms) = postSolution
		{F4926EF3-BEF4-41E7-A79E-F6C78E8B407E}.Debug|Any CPU.ActiveCfg = Debug|Any CPU
		{F4926EF3-BEF4-41E7-A79E-F6C78E8B407E}.Debug|Any CPU.Build.0 = Debug|Any CPU
		{F4926EF3-BEF4-41E7-A79E-F6C78E8B407E}.Release|Any CPU.ActiveCfg = Release|Any CPU
		{F4926EF3-BEF4-41E7-A79E-F6C78E8B407E}.Release|Any CPU.Build.0 = Release|Any CPU
		{7DADEC62-A9E0-4610-A948-6D45B16B120A}.Debug|Any CPU.ActiveCfg = Debug|Any CPU
		{7DADEC62-A9E0-4610-A948-6D45B16B120A}.Debug|Any CPU.Build.0 = Debug|Any CPU
		{7DADEC62-A9E0-4610-A948-6D45B16B120A}.Release|Any CPU.ActiveCfg = Release|Any CPU
		{7DADEC62-A9E0-4610-A948-6D45B16B120A}.Release|Any CPU.Build.0 = Release|Any CPU
		{1CED46E2-79D9-4202-B4B3-4A307B0084CB}.Debug|Any CPU.ActiveCfg = Debug|Any CPU
		{1CED46E2-79D9-4202-B4B3-4A307B0084CB}.Debug|Any CPU.Build.0 = Debug|Any CPU
		{1CED46E2-79D9-4202-B4B3-4A307B0084CB}.Release|Any CPU.ActiveCfg = Release|Any CPU
		{1CED46E2-79D9-4202-B4B3-4A307B0084CB}.Release|Any CPU.Build.0 = Release|Any CPU
	EndGlobalSection
	GlobalSection(SolutionProperties) = preSolution
		HideSolutionNode = FALSE
	EndGlobalSection
	GlobalSection(ExtensibilityGlobals) = postSolution
		SolutionGuid = {88832724-E27A-4062-ADF9-FA8524AEA0E1}
	EndGlobalSection
EndGlobal
